
Microsoft Visual Studio Solution File, Format Version 12.00
# Visual Studio 15
VisualStudioVersion = 15.0.28010.2036
MinimumVisualStudioVersion = 10.0.40219.1
Project("{FAE04EC0-301F-11D3-BF4B-00C04F79EFBC}") = "TrabalhoPOO3", "TrabalhoPOO3\TrabalhoPOO3.csproj", "{4814F0FF-C096-4EFD-9676-8C095E112F77}"
EndProject
Global
	GlobalSection(SolutionConfigurationPlatforms) = preSolution
		Debug|Any CPU = Debug|Any CPU
		Release|Any CPU = Release|Any CPU
	EndGlobalSection
	GlobalSection(ProjectConfigurationPlatforms) = postSolution
		{4814F0FF-C096-4EFD-9676-8C095E112F77}.Debug|Any CPU.ActiveCfg = Debug|Any CPU
		{4814F0FF-C096-4EFD-9676-8C095E112F77}.Debug|Any CPU.Build.0 = Debug|Any CPU
		{4814F0FF-C096-4EFD-9676-8C095E112F77}.Release|Any CPU.ActiveCfg = Release|Any CPU
		{4814F0FF-C096-4EFD-9676-8C095E112F77}.Release|Any CPU.Build.0 = Release|Any CPU
	EndGlobalSection
	GlobalSection(SolutionProperties) = preSolution
		HideSolutionNode = FALSE
	EndGlobalSection
	GlobalSection(ExtensibilityGlobals) = postSolution
		SolutionGuid = {337DC1E7-8BBE-4279-B0D6-DF8520B9CAB5}
	EndGlobalSection
EndGlobal
